
Microsoft Visual Studio Solution File, Format Version 12.00
# Visual Studio 15
VisualStudioVersion = 15.0.28307.438
MinimumVisualStudioVersion = 10.0.40219.1
Project("{FAE04EC0-301F-11D3-BF4B-00C04F79EFBC}") = "NumeroPrimo", "BdgTest\NumeroPrimo.csproj", "{761D6EE4-1781-4010-A1AA-717073DB56D7}"
EndProject
Global
	GlobalSection(SolutionConfigurationPlatforms) = preSolution
		Debug|Any CPU = Debug|Any CPU
		Release|Any CPU = Release|Any CPU
	EndGlobalSection
	GlobalSection(ProjectConfigurationPlatforms) = postSolution
		{761D6EE4-1781-4010-A1AA-717073DB56D7}.Debug|Any CPU.ActiveCfg = Debug|Any CPU
		{761D6EE4-1781-4010-A1AA-717073DB56D7}.Debug|Any CPU.Build.0 = Debug|Any CPU
		{761D6EE4-1781-4010-A1AA-717073DB56D7}.Release|Any CPU.ActiveCfg = Release|Any CPU
		{761D6EE4-1781-4010-A1AA-717073DB56D7}.Release|Any CPU.Build.0 = Release|Any CPU
	EndGlobalSection
	GlobalSection(SolutionProperties) = preSolution
		HideSolutionNode = FALSE
	EndGlobalSection
	GlobalSection(ExtensibilityGlobals) = postSolution
		SolutionGuid = {6B7312C7-6432-412C-A5F4-7BDBA0F5E5FD}
	EndGlobalSection
EndGlobal
